
Microsoft Visual Studio Solution File, Format Version 12.00
# Visual Studio Version 17
VisualStudioVersion = 17.1.32407.343
MinimumVisualStudioVersion = 10.0.40219.1
Project("{9A19103F-16F7-4668-BE54-9A1E7A4F7556}") = "CalculatorTest", "CalculatorTest.csproj", "{125A3B2A-5256-408C-995B-635E2C6B272F}"
EndProject
Global
	GlobalSection(SolutionConfigurationPlatforms) = preSolution
		Debug|Any CPU = Debug|Any CPU
		Release|Any CPU = Release|Any CPU
	EndGlobalSection
	GlobalSection(ProjectConfigurationPlatforms) = postSolution
		{125A3B2A-5256-408C-995B-635E2C6B272F}.Debug|Any CPU.ActiveCfg = Debug|Any CPU
		{125A3B2A-5256-408C-995B-635E2C6B272F}.Debug|Any CPU.Build.0 = Debug|Any CPU
		{125A3B2A-5256-408C-995B-635E2C6B272F}.Release|Any CPU.ActiveCfg = Release|Any CPU
		{125A3B2A-5256-408C-995B-635E2C6B272F}.Release|Any CPU.Build.0 = Release|Any CPU
	EndGlobalSection
	GlobalSection(SolutionProperties) = preSolution
		HideSolutionNode = FALSE
	EndGlobalSection
	GlobalSection(ExtensibilityGlobals) = postSolution
		SolutionGuid = {07FA73FA-08D8-4BCA-B121-8F32633D49C5}
	EndGlobalSection
EndGlobal
