
Microsoft Visual Studio Solution File, Format Version 12.00
# Visual Studio Version 16
VisualStudioVersion = 16.0.32106.194
MinimumVisualStudioVersion = 10.0.40219.1
Project("{FAE04EC0-301F-11D3-BF4B-00C04F79EFBC}") = "HeightGained", "HeightGained.csproj", "{A53C3E93-3ABF-4846-9A3D-F8874E61C832}"
EndProject
Global
	GlobalSection(SolutionConfigurationPlatforms) = preSolution
		Debug|Any CPU = Debug|Any CPU
		Release|Any CPU = Release|Any CPU
	EndGlobalSection
	GlobalSection(ProjectConfigurationPlatforms) = postSolution
		{A53C3E93-3ABF-4846-9A3D-F8874E61C832}.Debug|Any CPU.ActiveCfg = Debug|Any CPU
		{A53C3E93-3ABF-4846-9A3D-F8874E61C832}.Debug|Any CPU.Build.0 = Debug|Any CPU
		{A53C3E93-3ABF-4846-9A3D-F8874E61C832}.Release|Any CPU.ActiveCfg = Release|Any CPU
		{A53C3E93-3ABF-4846-9A3D-F8874E61C832}.Release|Any CPU.Build.0 = Release|Any CPU
	EndGlobalSection
	GlobalSection(SolutionProperties) = preSolution
		HideSolutionNode = FALSE
	EndGlobalSection
	GlobalSection(ExtensibilityGlobals) = postSolution
		SolutionGuid = {AD7632BA-5475-46BC-B9B7-01744B17035F}
	EndGlobalSection
EndGlobal
